
Microsoft Visual Studio Solution File, Format Version 12.00
# Visual Studio 14
VisualStudioVersion = 14.0.25420.1
MinimumVisualStudioVersion = 10.0.40219.1
Project("{6989167D-11E4-40FE-8C1A-2192A86A7E90}") = "Hybrid2D", "Hybrid2D\Hybrid2D.vfproj", "{1B5462E4-D381-401F-B4AC-CF654D26A7E5}"
EndProject
Global
	GlobalSection(SolutionConfigurationPlatforms) = preSolution
		Debug|x64 = Debug|x64
		Debug|x86 = Debug|x86
		Release|x64 = Release|x64
		Release|x86 = Release|x86
	EndGlobalSection
	GlobalSection(ProjectConfigurationPlatforms) = postSolution
		{1B5462E4-D381-401F-B4AC-CF654D26A7E5}.Debug|x64.ActiveCfg = Debug|x64
		{1B5462E4-D381-401F-B4AC-CF654D26A7E5}.Debug|x64.Build.0 = Debug|x64
		{1B5462E4-D381-401F-B4AC-CF654D26A7E5}.Debug|x86.ActiveCfg = Debug|Win32
		{1B5462E4-D381-401F-B4AC-CF654D26A7E5}.Debug|x86.Build.0 = Debug|Win32
		{1B5462E4-D381-401F-B4AC-CF654D26A7E5}.Release|x64.ActiveCfg = Release|x64
		{1B5462E4-D381-401F-B4AC-CF654D26A7E5}.Release|x64.Build.0 = Release|x64
		{1B5462E4-D381-401F-B4AC-CF654D26A7E5}.Release|x86.ActiveCfg = Release|Win32
		{1B5462E4-D381-401F-B4AC-CF654D26A7E5}.Release|x86.Build.0 = Release|Win32
	EndGlobalSection
	GlobalSection(SolutionProperties) = preSolution
		HideSolutionNode = FALSE
	EndGlobalSection
EndGlobal
